
Microsoft Visual Studio Solution File, Format Version 10.00
# Visual Studio 2008
Project("{8BC9CEB8-8B4A-11D0-8D11-00A0C91BC942}") = "abyss", "abyss.vcproj", "{40457056-9E74-4C05-BDA2-425CB7F1F271}"
EndProject
Project("{8BC9CEB8-8B4A-11D0-8D11-00A0C91BC942}") = "cpptest", "cpptest.vcproj", "{FDBEDF2B-0578-4D6F-9378-FF2441450A60}"
	ProjectSection(ProjectDependencies) = postProject
		{6D2A00D9-BF0F-409E-906C-E4C61D29BB5C} = {6D2A00D9-BF0F-409E-906C-E4C61D29BB5C}
		{959775C8-53FC-49CA-A96F-5F7F6A49196C} = {959775C8-53FC-49CA-A96F-5F7F6A49196C}
		{40457056-9E74-4C05-BDA2-425CB7F1F271} = {40457056-9E74-4C05-BDA2-425CB7F1F271}
	EndProjectSection
EndProject
Project("{8BC9CEB8-8B4A-11D0-8D11-00A0C91BC942}") = "gennmtab", "gennmtab.vcproj", "{8AF73826-5AD7-491F-8CE8-F0DEDD99F4AA}"
EndProject
Project("{8BC9CEB8-8B4A-11D0-8D11-00A0C91BC942}") = "rpctest", "rpctest.vcproj", "{1C3666E3-DAAE-4611-A58E-C12B7451F221}"
	ProjectSection(ProjectDependencies) = postProject
		{6D2A00D9-BF0F-409E-906C-E4C61D29BB5C} = {6D2A00D9-BF0F-409E-906C-E4C61D29BB5C}
		{40457056-9E74-4C05-BDA2-425CB7F1F271} = {40457056-9E74-4C05-BDA2-425CB7F1F271}
	EndProjectSection
EndProject
Project("{8BC9CEB8-8B4A-11D0-8D11-00A0C91BC942}") = "xmlhttpsys", "xmlhttpsys.vcproj", "{0ECECFAA-6DB8-4133-82B8-0906E0791BBA}"
EndProject
Project("{8BC9CEB8-8B4A-11D0-8D11-00A0C91BC942}") = "xmlparse", "xmlparse.vcproj", "{5C5DEA97-D1D6-40A5-96C8-1C63B9C78962}"
	ProjectSection(ProjectDependencies) = postProject
		{D88CB26F-7724-429A-88FF-6AB9912116A9} = {D88CB26F-7724-429A-88FF-6AB9912116A9}
	EndProjectSection
EndProject
Project("{8BC9CEB8-8B4A-11D0-8D11-00A0C91BC942}") = "xmlrpc", "xmlrpc.vcproj", "{6D2A00D9-BF0F-409E-906C-E4C61D29BB5C}"
	ProjectSection(ProjectDependencies) = postProject
		{5C5DEA97-D1D6-40A5-96C8-1C63B9C78962} = {5C5DEA97-D1D6-40A5-96C8-1C63B9C78962}
		{40457056-9E74-4C05-BDA2-425CB7F1F271} = {40457056-9E74-4C05-BDA2-425CB7F1F271}
	EndProjectSection
EndProject
Project("{8BC9CEB8-8B4A-11D0-8D11-00A0C91BC942}") = "xmlrpc_misc", "xmlrpc_misc.vcproj", "{6090AF56-7775-4114-A3B5-5F42C6CC5EC1}"
EndProject
Project("{8BC9CEB8-8B4A-11D0-8D11-00A0C91BC942}") = "xmlrpcclient", "xmlrpcclient.vcproj", "{71D3AEB2-13ED-42E4-B077-223B0EC021A3}"
	ProjectSection(ProjectDependencies) = postProject
		{6D2A00D9-BF0F-409E-906C-E4C61D29BB5C} = {6D2A00D9-BF0F-409E-906C-E4C61D29BB5C}
		{6090AF56-7775-4114-A3B5-5F42C6CC5EC1} = {6090AF56-7775-4114-A3B5-5F42C6CC5EC1}
	EndProjectSection
EndProject
Project("{8BC9CEB8-8B4A-11D0-8D11-00A0C91BC942}") = "xmlrpccpp", "xmlrpccpp.vcproj", "{959775C8-53FC-49CA-A96F-5F7F6A49196C}"
	ProjectSection(ProjectDependencies) = postProject
		{5C5DEA97-D1D6-40A5-96C8-1C63B9C78962} = {5C5DEA97-D1D6-40A5-96C8-1C63B9C78962}
		{40457056-9E74-4C05-BDA2-425CB7F1F271} = {40457056-9E74-4C05-BDA2-425CB7F1F271}
		{6D2A00D9-BF0F-409E-906C-E4C61D29BB5C} = {6D2A00D9-BF0F-409E-906C-E4C61D29BB5C}
	EndProjectSection
EndProject
Project("{8BC9CEB8-8B4A-11D0-8D11-00A0C91BC942}") = "xmlrpc_sample_add_asynch_client", "xmlrpc_sample_add_asynch_client.vcproj", "{B43CC034-0598-4AD8-A474-5739E5A009B9}"
	ProjectSection(ProjectDependencies) = postProject
		{6D2A00D9-BF0F-409E-906C-E4C61D29BB5C} = {6D2A00D9-BF0F-409E-906C-E4C61D29BB5C}
	EndProjectSection
EndProject
Project("{8BC9CEB8-8B4A-11D0-8D11-00A0C91BC942}") = "xmlrpc_sample_add_server", "xmlrpc_sample_add_server.vcproj", "{78207FD8-4AEA-4786-A98A-DD9C88C89B15}"
	ProjectSection(ProjectDependencies) = postProject
		{6D2A00D9-BF0F-409E-906C-E4C61D29BB5C} = {6D2A00D9-BF0F-409E-906C-E4C61D29BB5C}
		{40457056-9E74-4C05-BDA2-425CB7F1F271} = {40457056-9E74-4C05-BDA2-425CB7F1F271}
	EndProjectSection
EndProject
Project("{8BC9CEB8-8B4A-11D0-8D11-00A0C91BC942}") = "xmlrpc_sample_add_server_w32httpsys", "xmlrpc_sample_add_server_w32httpsys.vcproj", "{39AF6697-A26C-493B-A234-935342D65C0A}"
	ProjectSection(ProjectDependencies) = postProject
		{0ECECFAA-6DB8-4133-82B8-0906E0791BBA} = {0ECECFAA-6DB8-4133-82B8-0906E0791BBA}
		{6D2A00D9-BF0F-409E-906C-E4C61D29BB5C} = {6D2A00D9-BF0F-409E-906C-E4C61D29BB5C}
	EndProjectSection
EndProject
Project("{8BC9CEB8-8B4A-11D0-8D11-00A0C91BC942}") = "xmlrpc_sample_add_sync_client", "xmlrpc_sample_add_sync_client.vcproj", "{48BDCBB0-8838-4C30-B2C3-22C26ACA9B43}"
	ProjectSection(ProjectDependencies) = postProject
		{6D2A00D9-BF0F-409E-906C-E4C61D29BB5C} = {6D2A00D9-BF0F-409E-906C-E4C61D29BB5C}
	EndProjectSection
EndProject
Project("{8BC9CEB8-8B4A-11D0-8D11-00A0C91BC942}") = "xmlrpc_sample_auth_client", "xmlrpc_sample_auth_client.vcproj", "{C9087AD7-82CD-4C99-86A2-0FF98D55F254}"
	ProjectSection(ProjectDependencies) = postProject
		{6D2A00D9-BF0F-409E-906C-E4C61D29BB5C} = {6D2A00D9-BF0F-409E-906C-E4C61D29BB5C}
	EndProjectSection
EndProject
Project("{8BC9CEB8-8B4A-11D0-8D11-00A0C91BC942}") = "xmltok", "xmltok.vcproj", "{D88CB26F-7724-429A-88FF-6AB9912116A9}"
	ProjectSection(ProjectDependencies) = postProject
		{8AF73826-5AD7-491F-8CE8-F0DEDD99F4AA} = {8AF73826-5AD7-491F-8CE8-F0DEDD99F4AA}
	EndProjectSection
EndProject
Global
	GlobalSection(SolutionConfigurationPlatforms) = preSolution
		Debug|Win32 = Debug|Win32
		Release|Win32 = Release|Win32
	EndGlobalSection
	GlobalSection(ProjectConfigurationPlatforms) = postSolution
		{40457056-9E74-4C05-BDA2-425CB7F1F271}.Debug|Win32.ActiveCfg = Debug|Win32
		{40457056-9E74-4C05-BDA2-425CB7F1F271}.Debug|Win32.Build.0 = Debug|Win32
		{40457056-9E74-4C05-BDA2-425CB7F1F271}.Release|Win32.ActiveCfg = Release|Win32
		{40457056-9E74-4C05-BDA2-425CB7F1F271}.Release|Win32.Build.0 = Release|Win32
		{FDBEDF2B-0578-4D6F-9378-FF2441450A60}.Debug|Win32.ActiveCfg = Debug|Win32
		{FDBEDF2B-0578-4D6F-9378-FF2441450A60}.Debug|Win32.Build.0 = Debug|Win32
		{FDBEDF2B-0578-4D6F-9378-FF2441450A60}.Release|Win32.ActiveCfg = Release|Win32
		{FDBEDF2B-0578-4D6F-9378-FF2441450A60}.Release|Win32.Build.0 = Release|Win32
		{8AF73826-5AD7-491F-8CE8-F0DEDD99F4AA}.Debug|Win32.ActiveCfg = Debug|Win32
		{8AF73826-5AD7-491F-8CE8-F0DEDD99F4AA}.Debug|Win32.Build.0 = Debug|Win32
		{8AF73826-5AD7-491F-8CE8-F0DEDD99F4AA}.Release|Win32.ActiveCfg = Release|Win32
		{8AF73826-5AD7-491F-8CE8-F0DEDD99F4AA}.Release|Win32.Build.0 = Release|Win32
		{1C3666E3-DAAE-4611-A58E-C12B7451F221}.Debug|Win32.ActiveCfg = Debug|Win32
		{1C3666E3-DAAE-4611-A58E-C12B7451F221}.Debug|Win32.Build.0 = Debug|Win32
		{1C3666E3-DAAE-4611-A58E-C12B7451F221}.Release|Win32.ActiveCfg = Release|Win32
		{1C3666E3-DAAE-4611-A58E-C12B7451F221}.Release|Win32.Build.0 = Release|Win32
		{0ECECFAA-6DB8-4133-82B8-0906E0791BBA}.Debug|Win32.ActiveCfg = Debug|Win32
		{0ECECFAA-6DB8-4133-82B8-0906E0791BBA}.Debug|Win32.Build.0 = Debug|Win32
		{0ECECFAA-6DB8-4133-82B8-0906E0791BBA}.Release|Win32.ActiveCfg = Release|Win32
		{0ECECFAA-6DB8-4133-82B8-0906E0791BBA}.Release|Win32.Build.0 = Release|Win32
		{5C5DEA97-D1D6-40A5-96C8-1C63B9C78962}.Debug|Win32.ActiveCfg = Debug|Win32
		{5C5DEA97-D1D6-40A5-96C8-1C63B9C78962}.Debug|Win32.Build.0 = Debug|Win32
		{5C5DEA97-D1D6-40A5-96C8-1C63B9C78962}.Release|Win32.ActiveCfg = Release|Win32
		{5C5DEA97-D1D6-40A5-96C8-1C63B9C78962}.Release|Win32.Build.0 = Release|Win32
		{6D2A00D9-BF0F-409E-906C-E4C61D29BB5C}.Debug|Win32.ActiveCfg = Debug|Win32
		{6D2A00D9-BF0F-409E-906C-E4C61D29BB5C}.Debug|Win32.Build.0 = Debug|Win32
		{6D2A00D9-BF0F-409E-906C-E4C61D29BB5C}.Release|Win32.ActiveCfg = Release|Win32
		{6D2A00D9-BF0F-409E-906C-E4C61D29BB5C}.Release|Win32.Build.0 = Release|Win32
		{6090AF56-7775-4114-A3B5-5F42C6CC5EC1}.Debug|Win32.ActiveCfg = Debug|Win32
		{6090AF56-7775-4114-A3B5-5F42C6CC5EC1}.Debug|Win32.Build.0 = Debug|Win32
		{6090AF56-7775-4114-A3B5-5F42C6CC5EC1}.Release|Win32.ActiveCfg = Release|Win32
		{6090AF56-7775-4114-A3B5-5F42C6CC5EC1}.Release|Win32.Build.0 = Release|Win32
		{71D3AEB2-13ED-42E4-B077-223B0EC021A3}.Debug|Win32.ActiveCfg = Debug|Win32
		{71D3AEB2-13ED-42E4-B077-223B0EC021A3}.Debug|Win32.Build.0 = Debug|Win32
		{71D3AEB2-13ED-42E4-B077-223B0EC021A3}.Release|Win32.ActiveCfg = Release|Win32
		{71D3AEB2-13ED-42E4-B077-223B0EC021A3}.Release|Win32.Build.0 = Release|Win32
		{959775C8-53FC-49CA-A96F-5F7F6A49196C}.Debug|Win32.ActiveCfg = Debug|Win32
		{959775C8-53FC-49CA-A96F-5F7F6A49196C}.Debug|Win32.Build.0 = Debug|Win32
		{959775C8-53FC-49CA-A96F-5F7F6A49196C}.Release|Win32.ActiveCfg = Release|Win32
		{959775C8-53FC-49CA-A96F-5F7F6A49196C}.Release|Win32.Build.0 = Release|Win32
		{B43CC034-0598-4AD8-A474-5739E5A009B9}.Debug|Win32.ActiveCfg = Debug|Win32
		{B43CC034-0598-4AD8-A474-5739E5A009B9}.Debug|Win32.Build.0 = Debug|Win32
		{B43CC034-0598-4AD8-A474-5739E5A009B9}.Release|Win32.ActiveCfg = Release|Win32
		{B43CC034-0598-4AD8-A474-5739E5A009B9}.Release|Win32.Build.0 = Release|Win32
		{78207FD8-4AEA-4786-A98A-DD9C88C89B15}.Debug|Win32.ActiveCfg = Debug|Win32
		{78207FD8-4AEA-4786-A98A-DD9C88C89B15}.Debug|Win32.Build.0 = Debug|Win32
		{78207FD8-4AEA-4786-A98A-DD9C88C89B15}.Release|Win32.ActiveCfg = Release|Win32
		{78207FD8-4AEA-4786-A98A-DD9C88C89B15}.Release|Win32.Build.0 = Release|Win32
		{39AF6697-A26C-493B-A234-935342D65C0A}.Debug|Win32.ActiveCfg = Debug|Win32
		{39AF6697-A26C-493B-A234-935342D65C0A}.Debug|Win32.Build.0 = Debug|Win32
		{39AF6697-A26C-493B-A234-935342D65C0A}.Release|Win32.ActiveCfg = Release|Win32
		{39AF6697-A26C-493B-A234-935342D65C0A}.Release|Win32.Build.0 = Release|Win32
		{48BDCBB0-8838-4C30-B2C3-22C26ACA9B43}.Debug|Win32.ActiveCfg = Debug|Win32
		{48BDCBB0-8838-4C30-B2C3-22C26ACA9B43}.Debug|Win32.Build.0 = Debug|Win32
		{48BDCBB0-8838-4C30-B2C3-22C26ACA9B43}.Release|Win32.ActiveCfg = Release|Win32
		{48BDCBB0-8838-4C30-B2C3-22C26ACA9B43}.Release|Win32.Build.0 = Release|Win32
		{C9087AD7-82CD-4C99-86A2-0FF98D55F254}.Debug|Win32.ActiveCfg = Debug|Win32
		{C9087AD7-82CD-4C99-86A2-0FF98D55F254}.Debug|Win32.Build.0 = Debug|Win32
		{C9087AD7-82CD-4C99-86A2-0FF98D55F254}.Release|Win32.ActiveCfg = Release|Win32
		{C9087AD7-82CD-4C99-86A2-0FF98D55F254}.Release|Win32.Build.0 = Release|Win32
		{D88CB26F-7724-429A-88FF-6AB9912116A9}.Debug|Win32.ActiveCfg = Debug|Win32
		{D88CB26F-7724-429A-88FF-6AB9912116A9}.Debug|Win32.Build.0 = Debug|Win32
		{D88CB26F-7724-429A-88FF-6AB9912116A9}.Release|Win32.ActiveCfg = Release|Win32
		{D88CB26F-7724-429A-88FF-6AB9912116A9}.Release|Win32.Build.0 = Release|Win32
	EndGlobalSection
	GlobalSection(SolutionProperties) = preSolution
		HideSolutionNode = FALSE
	EndGlobalSection
EndGlobal
